# This file was autogenerated by Stack.
# You should not edit this file by hand.
# For more information, please see the documentation at:
#   https://docs.haskellstack.org/en/stable/lock_files

packages:
- completed:
    hackage: libssh2-0.2.0.7@sha256:c45d71b62b2b72e2affda261ba7020800f5fecbcd0eeb40a804b84ed91c17773,3077
    pantry-tree:
      size: 889
      sha256: 243fceee7443a53957e2cf13bc46f94aea0c248c255d87c6aaf0452bd1b14951
  original:
    hackage: libssh2-0.2.0.7@sha256:c45d71b62b2b72e2affda261ba7020800f5fecbcd0eeb40a804b84ed91c17773,3077
snapshots:
- completed:
    size: 523443
    url: https://raw.githubusercontent.com/commercialhaskell/stackage-snapshots/master/lts/14/0.yaml
    sha256: 283773e7120f5446d961eab35ea95c9af9c24187cc178537bd29273200a05171
  original: lts-14.0
